
Microsoft Visual Studio Solution File, Format Version 12.00
# Visual Studio Version 16
VisualStudioVersion = 16.0.31025.194
MinimumVisualStudioVersion = 10.0.40219.1
Project("{888888A0-9F3D-457C-B088-3A5042F75D52}") = "TM_TCP_0323", "TM_TCP_0323\TM_TCP_0323.pyproj", "{A88FC346-176E-496E-A430-2FC4DA2BD637}"
EndProject
Global
	GlobalSection(SolutionConfigurationPlatforms) = preSolution
		Debug|Any CPU = Debug|Any CPU
		Release|Any CPU = Release|Any CPU
	EndGlobalSection
	GlobalSection(ProjectConfigurationPlatforms) = postSolution
		{A88FC346-176E-496E-A430-2FC4DA2BD637}.Debug|Any CPU.ActiveCfg = Debug|Any CPU
		{A88FC346-176E-496E-A430-2FC4DA2BD637}.Release|Any CPU.ActiveCfg = Release|Any CPU
	EndGlobalSection
	GlobalSection(SolutionProperties) = preSolution
		HideSolutionNode = FALSE
	EndGlobalSection
	GlobalSection(ExtensibilityGlobals) = postSolution
		SolutionGuid = {A7FC7C84-15F1-439B-AFFD-2846CC8D533C}
	EndGlobalSection
EndGlobal
